// !$*UTF8*$!
{
	archiveVersion = 1;
	classes = {
	};
	objectVersion = 46;
	objects = {

/* Begin PBXBuildFile section */
		525EF5AF1F03410000779A29 /* AppDelegate.swift in Sources */ = {isa = PBXBuildFile; fileRef = 525EF5AE1F03410000779A29 /* AppDelegate.swift */; };
		525EF5B11F03410000779A29 /* ViewController.swift in Sources */ = {isa = PBXBuildFile; fileRef = 525EF5B01F03410000779A29 /* ViewController.swift */; };
		525EF5B41F03410100779A29 /* Main.storyboard in Resources */ = {isa = PBXBuildFile; fileRef = 525EF5B21F03410100779A29 /* Main.storyboard */; };
		525EF5B61F03410100779A29 /* Assets.xcassets in Resources */ = {isa = PBXBuildFile; fileRef = 525EF5B51F03410100779A29 /* Assets.xcassets */; };
		525EF5B91F03410100779A29 /* LaunchScreen.storyboard in Resources */ = {isa = PBXBuildFile; fileRef = 525EF5B71F03410100779A29 /* LaunchScreen.storyboard */; };
		525EF5C11F035CBC00779A29 /* CustomTableViewCell.swift in Sources */ = {isa = PBXBuildFile; fileRef = 525EF5C01F035CBC00779A29 /* CustomTableViewCell.swift */; };
		525EF5C31F035EEE00779A29 /* movie.swift in Sources */ = {isa = PBXBuildFile; fileRef = 525EF5C21F035EEE00779A29 /* movie.swift */; };
		525EF5C51F03E56A00779A29 /* SearchViewController.swift in Sources */ = {isa = PBXBuildFile; fileRef = 525EF5C41F03E56A00779A29 /* SearchViewController.swift */; };
/* End PBXBuildFile section */

/* Begin PBXFileReference section */
		525EF5AB1F03410000779A29 /* favorite-movies-app.app */ = {isa = PBXFileReference; explicitFileType = wrapper.application; includeInIndex = 0; path = "favorite-movies-app.app"; sourceTree = BUILT_PRODUCTS_DIR; };
		525EF5AE1F03410000779A29 /* AppDelegate.swift */ = {isa = PBXFileReference; lastKnownFileType = sourcecode.swift; path = AppDelegate.swift; sourceTree = "<group>"; };
		525EF5B01F03410000779A29 /* ViewController.swift */ = {isa = PBXFileReference; lastKnownFileType = sourcecode.swift; path = ViewController.swift; sourceTree = "<group>"; };
		525EF5B31F03410100779A29 /* Base */ = {isa = PBXFileReference; lastKnownFileType = file.storyboard; name = Base; path = Base.lproj/Main.storyboard; sourceTree = "<group>"; };
		525EF5B51F03410100779A29 /* Assets.xcassets */ = {isa = PBXFileReference; lastKnownFileType = folder.assetcatalog; path = Assets.xcassets; sourceTree = "<group>"; };
		525EF5B81F03410100779A29 /* Base */ = {isa = PBXFileReference; lastKnownFileType = file.storyboard; name = Base; path = Base.lproj/LaunchScreen.storyboard; sourceTree = "<group>"; };
		525EF5BA1F03410100779A29 /* Info.plist */ = {isa = PBXFileReference; lastKnownFileType = text.plist.xml; path = Info.plist; sourceTree = "<group>"; };
		525EF5C01F035CBC00779A29 /* CustomTableViewCell.swift */ = {isa = PBXFileReference; fileEncoding = 4; lastKnownFileType = sourcecode.swift; path = CustomTableViewCell.swift; sourceTree = "<group>"; };
		525EF5C21F035EEE00779A29 /* movie.swift */ = {isa = PBXFileReference; fileEncoding = 4; lastKnownFileType = sourcecode.swift; path = movie.swift; sourceTree = "<group>"; };
		525EF5C41F03E56A00779A29 /* SearchViewController.swift */ = {isa = PBXFileReference; fileEncoding = 4; lastKnownFileType = sourcecode.swift; path = SearchViewController.swift; sourceTree = "<group>"; };
/* End PBXFileReference section */

/* Begin PBXFrameworksBuildPhase section */
		525EF5A81F03410000779A29 /* Frameworks */ = {
			isa = PBXFrameworksBuildPhase;
			buildActionMask = 2147483647;
			files = (
			);
			runOnlyForDeploymentPostprocessing = 0;
		};
/* End PBXFrameworksBuildPhase section */

/* Begin PBXGroup section */
		525EF5A21F0340FF00779A29 = {
			isa = PBXGroup;
			children = (
				525EF5AD1F03410000779A29 /* favorite-movies-app */,
				525EF5AC1F03410000779A29 /* Products */,
			);
			sourceTree = "<group>";
		};
		525EF5AC1F03410000779A29 /* Products */ = {
			isa = PBXGroup;
			children = (
				525EF5AB1F03410000779A29 /* favorite-movies-app.app */,
			);
			name = Products;
			sourceTree = "<group>";
		};
		525EF5AD1F03410000779A29 /* favorite-movies-app */ = {
			isa = PBXGroup;
			children = (
				525EF5AE1F03410000779A29 /* AppDelegate.swift */,
				525EF5B01F03410000779A29 /* ViewController.swift */,
				525EF5B21F03410100779A29 /* Main.storyboard */,
				525EF5B51F03410100779A29 /* Assets.xcassets */,
				525EF5B71F03410100779A29 /* LaunchScreen.storyboard */,
				525EF5BA1F03410100779A29 /* Info.plist */,
				525EF5C01F035CBC00779A29 /* CustomTableViewCell.swift */,
				525EF5C21F035EEE00779A29 /* movie.swift */,
				525EF5C41F03E56A00779A29 /* SearchViewController.swift */,
			);
			path = "favorite-movies-app";
			sourceTree = "<group>";
		};
/* End PBXGroup section */

/* Begin PBXNativeTarget section */
		525EF5AA1F03410000779A29 /* favorite-movies-app */ = {
			isa = PBXNativeTarget;
			buildConfigurationList = 525EF5BD1F03410100779A29 /* Build configuration list for PBXNativeTarget "favorite-movies-app" */;
			buildPhases = (
				525EF5A71F03410000779A29 /* Sources */,
				525EF5A81F03410000779A29 /* Frameworks */,
				525EF5A91F03410000779A29 /* Resources */,
			);
			buildRules = (
			);
			dependencies = (
			);
			name = "favorite-movies-app";
			productName = "favorite-movies-app";
			productReference = 525EF5AB1F03410000779A29 /* favorite-movies-app.app */;
			productType = "com.apple.product-type.application";
		};
/* End PBXNativeTarget section */

/* Begin PBXProject section */
		525EF5A31F0340FF00779A29 /* Project object */ = {
			isa = PBXProject;
			attributes = {
				LastSwiftUpdateCheck = 0830;
				LastUpgradeCheck = 0830;
				ORGANIZATIONNAME = "Ronald Hunter";
				TargetAttributes = {
					525EF5AA1F03410000779A29 = {
						CreatedOnToolsVersion = 8.3.3;
						DevelopmentTeam = 8HH378WB7V;
						ProvisioningStyle = Automatic;
					};
				};
			};
			buildConfigurationList = 525EF5A61F0340FF00779A29 /* Build configuration list for PBXProject "favorite-movies-app" */;
			compatibilityVersion = "Xcode 3.2";
			developmentRegion = English;
			hasScannedForEncodings = 0;
			knownRegions = (
				en,
				Base,
			);
			mainGroup = 525EF5A21F0340FF00779A29;
			productRefGroup = 525EF5AC1F03410000779A29 /* Products */;
			projectDirPath = "";
			projectRoot = "";
			targets = (
				525EF5AA1F03410000779A29 /* favorite-movies-app */,
			);
		};
/* End PBXProject section */

/* Begin PBXResourcesBuildPhase section */
		525EF5A91F03410000779A29 /* Resources */ = {
			isa = PBXResourcesBuildPhase;
			buildActionMask = 2147483647;
			files = (
				525EF5B91F03410100779A29 /* LaunchScreen.storyboard in Resources */,
				525EF5B61F03410100779A29 /* Assets.xcassets in Resources */,
				525EF5B41F03410100779A29 /* Main.storyboard in Resources */,
			);
			runOnlyForDeploymentPostprocessing = 0;
		};
/* End PBXResourcesBuildPhase section */

/* Begin PBXSourcesBuildPhase section */
		525EF5A71F03410000779A29 /* Sources */ = {
			isa = PBXSourcesBuildPhase;
			buildActionMask = 2147483647;
			files = (
				525EF5C51F03E56A00779A29 /* SearchViewController.swift in Sources */,
				525EF5C11F035CBC00779A29 /* CustomTableViewCell.swift in Sources */,
				525EF5B11F03410000779A29 /* ViewController.swift in Sources */,
				525EF5C31F035EEE00779A29 /* movie.swift in Sources */,
				525EF5AF1F03410000779A29 /* AppDelegate.swift in Sources */,
			);
			runOnlyForDeploymentPostprocessing = 0;
		};
/* End PBXSourcesBuildPhase section */

/* Begin PBXVariantGroup section */
		525EF5B21F03410100779A29 /* Main.storyboard */ = {
			isa = PBXVariantGroup;
			children = (
				525EF5B31F03410100779A29 /* Base */,
			);
			name = Main.storyboard;
			sourceTree = "<group>";
		};
		525EF5B71F03410100779A29 /* LaunchScreen.storyboard */ = {
			isa = PBXVariantGroup;
			children = (
				525EF5B81F03410100779A29 /* Base */,
			);
			name = LaunchScreen.storyboard;
			sourceTree = "<group>";
		};
/* End PBXVariantGroup section */

/* Begin XCBuildConfiguration section */
		525EF5BB1F03410100779A29 /* Debug */ = {
			isa = XCBuildConfiguration;
			buildSettings = {
				ALWAYS_SEARCH_USER_PATHS = NO;
				CLANG_ANALYZER_NONNULL = YES;
				CLANG_ANALYZER_NUMBER_OBJECT_CONVERSION = YES_AGGRESSIVE;
				CLANG_CXX_LANGUAGE_STANDARD = "gnu++0x";
				CLANG_CXX_LIBRARY = "libc++";
				CLANG_ENABLE_MODULES = YES;
				CLANG_ENABLE_OBJC_ARC = YES;
				CLANG_WARN_BOOL_CONVERSION = YES;
				CLANG_WARN_CONSTANT_CONVERSION = YES;
				CLANG_WARN_DIRECT_OBJC_ISA_USAGE = YES_ERROR;
				CLANG_WARN_DOCUMENTATION_COMMENTS = YES;
				CLANG_WARN_EMPTY_BODY = YES;
				CLANG_WARN_ENUM_CONVERSION = YES;
				CLANG_WARN_INFINITE_RECURSION = YES;
				CLANG_WARN_INT_CONVERSION = YES;
				CLANG_WARN_OBJC_ROOT_CLASS = YES_ERROR;
				CLANG_WARN_SUSPICIOUS_MOVE = YES;
				CLANG_WARN_UNREACHABLE_CODE = YES;
				CLANG_WARN__DUPLICATE_METHOD_MATCH = YES;
				"CODE_SIGN_IDENTITY[sdk=iphoneos*]" = "iPhone Developer";
				COPY_PHASE_STRIP = NO;
				DEBUG_INFORMATION_FORMAT = dwarf;
				ENABLE_STRICT_OBJC_MSGSEND = YES;
				ENABLE_TESTABILITY = YES;
				GCC_C_LANGUAGE_STANDARD = gnu99;
				GCC_DYNAMIC_NO_PIC = NO;
				GCC_NO_COMMON_BLOCKS = YES;
				GCC_OPTIMIZATION_LEVEL = 0;
				GCC_PREPROCESSOR_DEFINITIONS = (
					"DEBUG=1",
					"$(inherited)",
				);
				GCC_WARN_64_TO_32_BIT_CONVERSION = YES;
				GCC_WARN_ABOUT_RETURN_TYPE = YES_ERROR;
				GCC_WARN_UNDECLARED_SELECTOR = YES;
				GCC_WARN_UNINITIALIZED_AUTOS = YES_AGGRESSIVE;
				GCC_WARN_UNUSED_FUNCTION = YES;
				GCC_WARN_UNUSED_VARIABLE = YES;
				IPHONEOS_DEPLOYMENT_TARGET = 10.3;
				MTL_ENABLE_DEBUG_INFO = YES;
				ONLY_ACTIVE_ARCH = YES;
				SDKROOT = iphoneos;
				SWIFT_ACTIVE_COMPILATION_CONDITIONS = DEBUG;
				SWIFT_OPTIMIZATION_LEVEL = "-Onone";
			};
			name = Debug;
		};
		525EF5BC1F03410100779A29 /* Release */ = {
			isa = XCBuildConfiguration;
			buildSettings = {
				ALWAYS_SEARCH_USER_PATHS = NO;
				CLANG_ANALYZER_NONNULL = YES;
				CLANG_ANALYZER_NUMBER_OBJECT_CONVERSION = YES_AGGRESSIVE;
				CLANG_CXX_LANGUAGE_STANDARD = "gnu++0x";
				CLANG_CXX_LIBRARY = "libc++";
				CLANG_ENABLE_MODULES = YES;
				CLANG_ENABLE_OBJC_ARC = YES;
				CLANG_WARN_BOOL_CONVERSION = YES;
				CLANG_WARN_CONSTANT_CONVERSION = YES;
				CLANG_WARN_DIRECT_OBJC_ISA_USAGE = YES_ERROR;
				CLANG_WARN_DOCUMENTATION_COMMENTS = YES;
				CLANG_WARN_EMPTY_BODY = YES;
				CLANG_WARN_ENUM_CONVERSION = YES;
				CLANG_WARN_INFINITE_RECURSION = YES;
				CLANG_WARN_INT_CONVERSION = YES;
				CLANG_WARN_OBJC_ROOT_CLASS = YES_ERROR;
				CLANG_WARN_SUSPICIOUS_MOVE = YES;
				CLANG_WARN_UNREACHABLE_CODE = YES;
				CLANG_WARN__DUPLICATE_METHOD_MATCH = YES;
				"CODE_SIGN_IDENTITY[sdk=iphoneos*]" = "iPhone Developer";
				COPY_PHASE_STRIP = NO;
				DEBUG_INFORMATION_FORMAT = "dwarf-with-dsym";
				ENABLE_NS_ASSERTIONS = NO;
				ENABLE_STRICT_OBJC_MSGSEND = YES;
				GCC_C_LANGUAGE_STANDARD = gnu99;
				GCC_NO_COMMON_BLOCKS = YES;
				GCC_WARN_64_TO_32_BIT_CONVERSION = YES;
				GCC_WARN_ABOUT_RETURN_TYPE = YES_ERROR;
				GCC_WARN_UNDECLARED_SELECTOR = YES;
				GCC_WARN_UNINITIALIZED_AUTOS = YES_AGGRESSIVE;
				GCC_WARN_UNUSED_FUNCTION = YES;
				GCC_WARN_UNUSED_VARIABLE = YES;
				IPHONEOS_DEPLOYMENT_TARGET = 10.3;
				MTL_ENABLE_DEBUG_INFO = NO;
				SDKROOT = iphoneos;
				SWIFT_OPTIMIZATION_LEVEL = "-Owholemodule";
				VALIDATE_PRODUCT = YES;
			};
			name = Release;
		};
		525EF5BE1F03410100779A29 /* Debug */ = {
			isa = XCBuildConfiguration;
			buildSettings = {
				ASSETCATALOG_COMPILER_APPICON_NAME = AppIcon;
				DEVELOPMENT_TEAM = 8HH378WB7V;
				INFOPLIST_FILE = "favorite-movies-app/Info.plist";
				LD_RUNPATH_SEARCH_PATHS = "$(inherited) @executable_path/Frameworks";
				PRODUCT_BUNDLE_IDENTIFIER = "com.favorite-movies-app";
				PRODUCT_NAME = "$(TARGET_NAME)";
				SWIFT_VERSION = 3.0;
			};
			name = Debug;
		};
		525EF5BF1F03410100779A29 /* Release */ = {
			isa = XCBuildConfiguration;
			buildSettings = {
				ASSETCATALOG_COMPILER_APPICON_NAME = AppIcon;
				DEVELOPMENT_TEAM = 8HH378WB7V;
				INFOPLIST_FILE = "favorite-movies-app/Info.plist";
				LD_RUNPATH_SEARCH_PATHS = "$(inherited) @executable_path/Frameworks";
				PRODUCT_BUNDLE_IDENTIFIER = "com.favorite-movies-app";
				PRODUCT_NAME = "$(TARGET_NAME)";
				SWIFT_VERSION = 3.0;
			};
			name = Release;
		};
/* End XCBuildConfiguration section */

/* Begin XCConfigurationList section */
		525EF5A61F0340FF00779A29 /* Build configuration list for PBXProject "favorite-movies-app" */ = {
			isa = XCConfigurationList;
			buildConfigurations = (
				525EF5BB1F03410100779A29 /* Debug */,
				525EF5BC1F03410100779A29 /* Release */,
			);
			defaultConfigurationIsVisible = 0;
			defaultConfigurationName = Release;
		};
		525EF5BD1F03410100779A29 /* Build configuration list for PBXNativeTarget "favorite-movies-app" */ = {
			isa = XCConfigurationList;
			buildConfigurations = (
				525EF5BE1F03410100779A29 /* Debug */,
				525EF5BF1F03410100779A29 /* Release */,
			);
			defaultConfigurationIsVisible = 0;
			defaultConfigurationName = Release;
		};
/* End XCConfigurationList section */
	};
	rootObject = 525EF5A31F0340FF00779A29 /* Project object */;
}
